# This file is automatically @generated by Poetry 1.6.1 and should not be changed by hand.

[[package]]
name = "unicodedataplus"
version = "15.0.0.post2"
description = "Unicodedata with extensions for additional properties."
optional = false
python-versions = "*"
files = [
    {file = "unicodedataplus-15.0.0.post2-cp310-cp310-macosx_10_9_x86_64.whl", hash = "sha256:afb279494126881d58cba434b2c75c1951595446cdb28ae9d4afeec63e6e5ec4"},
    {file = "unicodedataplus-15.0.0.post2-cp310-cp310-manylinux_2_17_x86_64.manylinux2014_x86_64.whl", hash = "sha256:3d41b33b565e639026f7816acb3128db304c0194899c14dcb8bf750f66d0e228"},
    {file = "unicodedataplus-15.0.0.post2-cp310-cp310-manylinux_2_5_i686.manylinux1_i686.manylinux_2_17_i686.manylinux2014_i686.whl", hash = "sha256:9365abbe6d7d846dc48c24b0130a353be9ac7900784718a11766b583666a17c5"},
    {file = "unicodedataplus-15.0.0.post2-cp310-cp310-musllinux_1_1_i686.whl", hash = "sha256:f05454f5ed00b657eb2b0b1818bb1e7b8f3e37b4ff4f38c6d22ca72e3d8f290a"},
    {file = "unicodedataplus-15.0.0.post2-cp310-cp310-musllinux_1_1_x86_64.whl", hash = "sha256:c730c74898ea4a7e2305b50cb3da73763e59b319270d5444227ed7e1bef9ac50"},
    {file = "unicodedataplus-15.0.0.post2-cp310-cp310-win32.whl", hash = "sha256:5b81e11c0054d0b4da451cb385289ba55dacf715c1c5a9a1cd6c0dbf28400a5a"},
    {file = "unicodedataplus-15.0.0.post2-cp310-cp310-win_amd64.whl", hash = "sha256:137e5bf5ad78034e9e4a9589cedf4f26d2ee5450f9842895688e6160480d22aa"},
    {file = "unicodedataplus-15.0.0.post2-cp311-cp311-macosx_10_9_x86_64.whl", hash = "sha256:445079441e6651d54b7a7ec86709b5726a2342085ff50689a1e4989b41ec61d7"},
    {file = "unicodedataplus-15.0.0.post2-cp311-cp311-manylinux_2_17_x86_64.manylinux2014_x86_64.whl", hash = "sha256:0783ac02ea974ca4cc238f1fee1a2c7b28fa5b5c2404c73f23eacd9ea6c08ccf"},
    {file = "unicodedataplus-15.0.0.post2-cp311-cp311-manylinux_2_5_i686.manylinux1_i686.manylinux_2_17_i686.manylinux2014_i686.whl", hash = "sha256:60069a75b398cc21ff9cd4993ec46b074d7dbb1fb959ae2b54b9e5021d663408"},
    {file = "unicodedataplus-15.0.0.post2-cp311-cp311-musllinux_1_1_i686.whl", hash = "sha256:9699484fcbd76004f907272e274fb275dabdcc423036f095c8ff807e83227e88"},
    {file = "unicodedataplus-15.0.0.post2-cp311-cp311-musllinux_1_1_x86_64.whl", hash = "sha256:f3809faabeb0e94063212198e954a0ed4ce8b6cbc2dbcd4ee9b6ee2898809ac8"},
    {file = "unicodedataplus-15.0.0.post2-cp311-cp311-win32.whl", hash = "sha256:97fda50c16994ad8efb835a8c5353c82b98049d064254c8a91a8a3e4a45fe567"},
    {file = "unicodedataplus-15.0.0.post2-cp311-cp311-win_amd64.whl", hash = "sha256:fd8515970f5d7e0ee76fb701021950e27d54b8784d4ac03d06d6358a38e44fea"},
    {file = "unicodedataplus-15.0.0.post2-cp36-cp36m-macosx_10_9_x86_64.whl", hash = "sha256:fd010e19c72bc129a43ab37defcbefcff5170734296981ae1a26ad00a899e2a1"},
    {file = "unicodedataplus-15.0.0.post2-cp36-cp36m-manylinux_2_17_x86_64.manylinux2014_x86_64.whl", hash = "sha256:5bce0939c4acdcf0deb1613b8c927450f609617d273d5884b234721c674e88ac"},
    {file = "unicodedataplus-15.0.0.post2-cp36-cp36m-manylinux_2_5_i686.manylinux1_i686.manylinux_2_17_i686.manylinux2014_i686.whl", hash = "sha256:9e30d25b9391cf089e098c809628828c033af29cda65e60801f4cb8cc9e05c53"},
    {file = "unicodedataplus-15.0.0.post2-cp36-cp36m-musllinux_1_1_i686.whl", hash = "sha256:ad9015fb39f7988320aee11e7d53aff6444a3f8a96388f771dfe83034dc47444"},
    {file = "unicodedataplus-15.0.0.post2-cp36-cp36m-musllinux_1_1_x86_64.whl", hash = "sha256:bcbc59db2bec544a4a6015deb60a178516222e7cea041e4e0b54cd7d7b22afab"},
    {file = "unicodedataplus-15.0.0.post2-cp36-cp36m-win32.whl", hash = "sha256:08ab780808c52b692e0e385430d600cc0f4cae328e5d538869bef0360e82d640"},
    {file = "unicodedataplus-15.0.0.post2-cp36-cp36m-win_amd64.whl", hash = "sha256:e7322a426d7e84604d1eed2aa2f962e0b984685ff7659ae16d0cb751be075802"},
    {file = "unicodedataplus-15.0.0.post2-cp37-cp37m-macosx_10_9_x86_64.whl", hash = "sha256:744a33a97f4d3d57f39e70a964698e5c924f21c0accee5b59be43024009d5d85"},
    {file = "unicodedataplus-15.0.0.post2-cp37-cp37m-manylinux_2_17_x86_64.manylinux2014_x86_64.whl", hash = "sha256:5e476ee75a2420f866ddd94068aa083ef35626f7abeaa7255592afc6c5f6d3ff"},
    {file = "unicodedataplus-15.0.0.post2-cp37-cp37m-manylinux_2_5_i686.manylinux1_i686.manylinux_2_17_i686.manylinux2014_i686.whl", hash = "sha256:15445c7c313769cdd8870da4ace6645f89bf0efcb3ef1cc19f7b2511c250c13a"},
    {file = "unicodedataplus-15.0.0.post2-cp37-cp37m-musllinux_1_1_i686.whl", hash = "sha256:a88e6bae818521dd1050b3eb46ce40a3bd43c7891cdd82f7ec4ce981ca64e1e9"},
    {file = "unicodedataplus-15.0.0.post2-cp37-cp37m-musllinux_1_1_x86_64.whl", hash = "sha256:7b83d2689f37632ecd17839ab9aa4a747211e0166d2708bbac520a22316c29fb"},
    {file = "unicodedataplus-15.0.0.post2-cp37-cp37m-win32.whl", hash = "sha256:2d91ac4d98347e5688dd23f32b421064e5ff12414f0bb0ad1e5158ea9ba9eb17"},
    {file = "unicodedataplus-15.0.0.post2-cp37-cp37m-win_amd64.whl", hash = "sha256:e9bc4433f1dfbcf8b5aaab57d5e6c3b4856a0e20362c3671814bdc90e6040f12"},
    {file = "unicodedataplus-15.0.0.post2-cp38-cp38-macosx_10_9_x86_64.whl", hash = "sha256:08cd0246b20d23ccf98c21160701b0e6190373db8ef98b526850a783bba0e93d"},
    {file = "unicodedataplus-15.0.0.post2-cp38-cp38-manylinux_2_17_x86_64.manylinux2014_x86_64.whl", hash = "sha256:aab2159febbf62a682b82ebd761e66bb74e44e6c499e74925a310b5a9327ed72"},
    {file = "unicodedataplus-15.0.0.post2-cp38-cp38-manylinux_2_5_i686.manylinux1_i686.manylinux_2_17_i686.manylinux2014_i686.whl", hash = "sha256:ac9f44a38df9befaac7fcc5f03b8de433bb532e7f5b34861a0273f84a1e3378f"},
    {file = "unicodedataplus-15.0.0.post2-cp38-cp38-musllinux_1_1_i686.whl", hash = "sha256:61b80646febafc6cb9d36138c2a91f6fd1ee409cedefe2ec6e5ba590e5cd40c8"},
    {file = "unicodedataplus-15.0.0.post2-cp38-cp38-musllinux_1_1_x86_64.whl", hash = "sha256:1131f71ceea2c6d4b2ef0210bca5bfae67e958f82364d8c1409c41e7588e0c0e"},
    {file = "unicodedataplus-15.0.0.post2-cp38-cp38-win32.whl", hash = "sha256:f5ef7d8766f4bc9c3d856a03e21c10fc056deba340030e7de760e5250824eb80"},
    {file = "unicodedataplus-15.0.0.post2-cp38-cp38-win_amd64.whl", hash = "sha256:9fcfe62a555d3c77b0cf3593e90f01d42853e239f988fc7836901b95eed3ae74"},
    {file = "unicodedataplus-15.0.0.post2-cp39-cp39-macosx_10_9_x86_64.whl", hash = "sha256:6bda40c5b843ed978e36ad4595d12a3a27db02026b2a096d5f0776720cb8f199"},
    {file = "unicodedataplus-15.0.0.post2-cp39-cp39-manylinux_2_17_x86_64.manylinux2014_x86_64.whl", hash = "sha256:eb7619bb84f741b8a090ac2f8fad2c5dbf5312f47c5b83d787c3db54ee85867d"},
    {file = "unicodedataplus-15.0.0.post2-cp39-cp39-manylinux_2_5_i686.manylinux1_i686.manylinux_2_17_i686.manylinux2014_i686.whl", hash = "sha256:8c98b838f05aa98122fac36ace43aef76ef57a32f6c1a1e72ce2abcea26ed98c"},
    {file = "unicodedataplus-15.0.0.post2-cp39-cp39-musllinux_1_1_i686.whl", hash = "sha256:c0b9acea92309ce9b5216202c4cc8338d74d7e6b5d6e88a5a04c63f84ffe0bb7"},
    {file = "unicodedataplus-15.0.0.post2-cp39-cp39-musllinux_1_1_x86_64.whl", hash = "sha256:4a13f225add59be71b6f4578f2fe6b9bbc0deea5994dadd07807cac007dc6209"},
    {file = "unicodedataplus-15.0.0.post2-cp39-cp39-win32.whl", hash = "sha256:4bc3037cf416e7040a66b2d19577fcdd80265ce5380d0579b0c8c6dc75786b75"},
    {file = "unicodedataplus-15.0.0.post2-cp39-cp39-win_amd64.whl", hash = "sha256:2e34bc1037f7a4384ba161b12b560e099b207ade87748226c73e1841b26a283f"},
    {file = "unicodedataplus-15.0.0.post2-pp37-pypy37_pp73-macosx_10_9_x86_64.whl", hash = "sha256:9f3afa9717aba3c070478789e3216938ca90af5df1bfea9960b361061008fc33"},
    {file = "unicodedataplus-15.0.0.post2-pp37-pypy37_pp73-manylinux_2_17_x86_64.manylinux2014_x86_64.whl", hash = "sha256:bfadccf66b703b7bb9854e056958b7b7e4bef3ddecb7ecc18b2843f47f32f671"},
    {file = "unicodedataplus-15.0.0.post2-pp37-pypy37_pp73-manylinux_2_5_i686.manylinux1_i686.manylinux_2_17_i686.manylinux2014_i686.whl", hash = "sha256:ab2ae6e587427f2844c9e5985928339472b299fa9c829fb378d1a1621513fd09"},
    {file = "unicodedataplus-15.0.0.post2-pp37-pypy37_pp73-win_amd64.whl", hash = "sha256:213697503b0ee413e9287e98c79fd6dfe09b18fd90b33d71c6e019340d09728b"},
    {file = "unicodedataplus-15.0.0.post2-pp38-pypy38_pp73-macosx_10_9_x86_64.whl", hash = "sha256:5ac7f0a3a5ed5ab6518975875a70e3640d7e33b1273ee7553ddc32544e8ed310"},
    {file = "unicodedataplus-15.0.0.post2-pp38-pypy38_pp73-manylinux_2_17_x86_64.manylinux2014_x86_64.whl", hash = "sha256:4618f34e97f33d8c73ee0f275a9b3c12a7c6af08a6ee77d2cb9d544a6c55e005"},
    {file = "unicodedataplus-15.0.0.post2-pp38-pypy38_pp73-manylinux_2_5_i686.manylinux1_i686.manylinux_2_17_i686.manylinux2014_i686.whl", hash = "sha256:d4ffaba040bfcb0edd4bfa8d2f9806b0ab870f5ffb66f529fe6c54ad7a250804"},
    {file = "unicodedataplus-15.0.0.post2-pp38-pypy38_pp73-win_amd64.whl", hash = "sha256:33940f4b9d61870e910ae667b8bcd99b57e26ae8d31051e4aa83a7f01d078818"},
    {file = "unicodedataplus-15.0.0.post2-pp39-pypy39_pp73-macosx_10_9_x86_64.whl", hash = "sha256:8a51ed7c1b1025d64631f9f4ea1dea5852b04a605b48d21b33e008d6a30388de"},
    {file = "unicodedataplus-15.0.0.post2-pp39-pypy39_pp73-manylinux_2_17_x86_64.manylinux2014_x86_64.whl", hash = "sha256:4fbb95b50a774d5c10a1410d39514e7aa71249c89d6a9875fc553f237eeeb1cb"},
    {file = "unicodedataplus-15.0.0.post2-pp39-pypy39_pp73-manylinux_2_5_i686.manylinux1_i686.manylinux_2_17_i686.manylinux2014_i686.whl", hash = "sha256:f9588de45136325715069ca877535023ccc7edd941e54804ede1a2a7ae527bcb"},
    {file = "unicodedataplus-15.0.0.post2-pp39-pypy39_pp73-win_amd64.whl", hash = "sha256:2e46714888cc262e4ed27ea6f0ee3ba737c353c7735803afe3a0422a1b689baa"},
    {file = "unicodedataplus-15.0.0.post2.tar.gz", hash = "sha256:dd838b4e96a32ec83c280e39d8d96e2cab6aa2299a8708e6cd657e8798dbe6e8"},
]

[metadata]
lock-version = "2.0"
python-versions = "^3.12"
content-hash = "47d25312c135cb4270aa129940226432d55a38798c46c53056d4039484337342"
